
Microsoft Visual Studio Solution File, Format Version 12.00
# Visual Studio Version 17
VisualStudioVersion = 17.9.34616.47
MinimumVisualStudioVersion = 10.0.40219.1
Project("{FAE04EC0-301F-11D3-BF4B-00C04F79EFBC}") = "Papalandia", "Papalandia\Papalandia.csproj", "{E55CE8F5-09C3-422B-8201-E01441E7A4D8}"
EndProject
Global
	GlobalSection(SolutionConfigurationPlatforms) = preSolution
		Debug|Any CPU = Debug|Any CPU
		Release|Any CPU = Release|Any CPU
	EndGlobalSection
	GlobalSection(ProjectConfigurationPlatforms) = postSolution
		{E55CE8F5-09C3-422B-8201-E01441E7A4D8}.Debug|Any CPU.ActiveCfg = Debug|Any CPU
		{E55CE8F5-09C3-422B-8201-E01441E7A4D8}.Debug|Any CPU.Build.0 = Debug|Any CPU
		{E55CE8F5-09C3-422B-8201-E01441E7A4D8}.Release|Any CPU.ActiveCfg = Release|Any CPU
		{E55CE8F5-09C3-422B-8201-E01441E7A4D8}.Release|Any CPU.Build.0 = Release|Any CPU
	EndGlobalSection
	GlobalSection(SolutionProperties) = preSolution
		HideSolutionNode = FALSE
	EndGlobalSection
	GlobalSection(ExtensibilityGlobals) = postSolution
		SolutionGuid = {82FEF9D8-195A-4940-B767-A4E25C17768E}
	EndGlobalSection
EndGlobal
